
Microsoft Visual Studio Solution File, Format Version 12.00
# Visual Studio Version 17
VisualStudioVersion = 17.12.35707.178
MinimumVisualStudioVersion = 10.0.40219.1
Project("{9A19103F-16F7-4668-BE54-9A1E7A4F7556}") = "Xbox360MemoryCarver.App", "src\Xbox360MemoryCarver.App\Xbox360MemoryCarver.App.csproj", "{A1B2C3D4-E5F6-7890-ABCD-EF1234567890}"
EndProject
Project("{9A19103F-16F7-4668-BE54-9A1E7A4F7556}") = "Xbox360MemoryCarver.Core", "src\Xbox360MemoryCarver.Core\Xbox360MemoryCarver.Core.csproj", "{B2C3D4E5-F6A7-8901-BCDE-F12345678901}"
EndProject
Project("{2150E333-8FDC-42A3-9474-1A3956D46DE8}") = "DDXConv", "DDXConv", "{C3D4E5F6-A7B8-9012-CDEF-123456789012}"
EndProject
Project("{9A19103F-16F7-4668-BE54-9A1E7A4F7556}") = "DDXConv", "src\DDXConv\DDXConv\DDXConv.csproj", "{40D17C67-BDBB-41AD-8723-4C7FA1979AF6}"
EndProject
Project("{9A19103F-16F7-4668-BE54-9A1E7A4F7556}") = "XCompression", "src\DDXConv\XCompression\XCompression.csproj", "{5978A15D-EBE6-4BAA-93D3-A54BDF5AA0EA}"
EndProject
Global
	GlobalSection(SolutionConfigurationPlatforms) = preSolution
		Debug|x64 = Debug|x64
		Release|x64 = Release|x64
	EndGlobalSection
	GlobalSection(ProjectConfigurationPlatforms) = postSolution
		{A1B2C3D4-E5F6-7890-ABCD-EF1234567890}.Debug|x64.ActiveCfg = Debug|x64
		{A1B2C3D4-E5F6-7890-ABCD-EF1234567890}.Debug|x64.Build.0 = Debug|x64
		{A1B2C3D4-E5F6-7890-ABCD-EF1234567890}.Release|x64.ActiveCfg = Release|x64
		{A1B2C3D4-E5F6-7890-ABCD-EF1234567890}.Release|x64.Build.0 = Release|x64
		{B2C3D4E5-F6A7-8901-BCDE-F12345678901}.Debug|x64.ActiveCfg = Debug|x64
		{B2C3D4E5-F6A7-8901-BCDE-F12345678901}.Debug|x64.Build.0 = Debug|x64
		{B2C3D4E5-F6A7-8901-BCDE-F12345678901}.Release|x64.ActiveCfg = Release|x64
		{B2C3D4E5-F6A7-8901-BCDE-F12345678901}.Release|x64.Build.0 = Release|x64
		{40D17C67-BDBB-41AD-8723-4C7FA1979AF6}.Debug|x64.ActiveCfg = Debug|Any CPU
		{40D17C67-BDBB-41AD-8723-4C7FA1979AF6}.Debug|x64.Build.0 = Debug|Any CPU
		{40D17C67-BDBB-41AD-8723-4C7FA1979AF6}.Release|x64.ActiveCfg = Release|Any CPU
		{40D17C67-BDBB-41AD-8723-4C7FA1979AF6}.Release|x64.Build.0 = Release|Any CPU
		{5978A15D-EBE6-4BAA-93D3-A54BDF5AA0EA}.Debug|x64.ActiveCfg = Debug|Any CPU
		{5978A15D-EBE6-4BAA-93D3-A54BDF5AA0EA}.Debug|x64.Build.0 = Debug|Any CPU
		{5978A15D-EBE6-4BAA-93D3-A54BDF5AA0EA}.Release|x64.ActiveCfg = Release|Any CPU
		{5978A15D-EBE6-4BAA-93D3-A54BDF5AA0EA}.Release|x64.Build.0 = Release|Any CPU
	EndGlobalSection
	GlobalSection(SolutionProperties) = preSolution
		HideSolutionNode = FALSE
	EndGlobalSection
	GlobalSection(NestedProjects) = preSolution
		{40D17C67-BDBB-41AD-8723-4C7FA1979AF6} = {C3D4E5F6-A7B8-9012-CDEF-123456789012}
		{5978A15D-EBE6-4BAA-93D3-A54BDF5AA0EA} = {C3D4E5F6-A7B8-9012-CDEF-123456789012}
	EndGlobalSection
EndGlobal
