<Solution>
  <Configurations>
    <Platform Name="x64" />
  </Configurations>
  <Folder Name="/DDXConv/">
    <Project Path="src/DDXConv/DDXConv/DDXConv.csproj" />
    <Project Path="src/DDXConv/XCompression/XCompression.csproj" />
  </Folder>
  <Project Path="src/Xbox360MemoryCarver/Xbox360MemoryCarver.csproj">
    <Platform Project="x64" />
  </Project>
  <Project Path="tests/Xbox360MemoryCarver.Tests/Xbox360MemoryCarver.Tests.csproj" />
</Solution>